
Microsoft Visual Studio Solution File, Format Version 12.00
# Visual Studio Version 17
VisualStudioVersion = 17.7.34009.444
MinimumVisualStudioVersion = 10.0.40219.1
Project("{FAE04EC0-301F-11D3-BF4B-00C04F79EFBC}") = "Assignment  4.7", "Assignment  4.7\Assignment  4.7.csproj", "{07128E17-24CC-49ED-A14F-9329BD98B1C3}"
EndProject
Global
	GlobalSection(SolutionConfigurationPlatforms) = preSolution
		Debug|Any CPU = Debug|Any CPU
		Release|Any CPU = Release|Any CPU
	EndGlobalSection
	GlobalSection(ProjectConfigurationPlatforms) = postSolution
		{07128E17-24CC-49ED-A14F-9329BD98B1C3}.Debug|Any CPU.ActiveCfg = Debug|Any CPU
		{07128E17-24CC-49ED-A14F-9329BD98B1C3}.Debug|Any CPU.Build.0 = Debug|Any CPU
		{07128E17-24CC-49ED-A14F-9329BD98B1C3}.Release|Any CPU.ActiveCfg = Release|Any CPU
		{07128E17-24CC-49ED-A14F-9329BD98B1C3}.Release|Any CPU.Build.0 = Release|Any CPU
	EndGlobalSection
	GlobalSection(SolutionProperties) = preSolution
		HideSolutionNode = FALSE
	EndGlobalSection
	GlobalSection(ExtensibilityGlobals) = postSolution
		SolutionGuid = {94BDA68B-51C6-4B9B-8B38-B9F4FA43AF62}
	EndGlobalSection
EndGlobal
